
Microsoft Visual Studio Solution File, Format Version 12.00
# Visual Studio Version 16
VisualStudioVersion = 16.0.29709.97
MinimumVisualStudioVersion = 10.0.40219.1
Project("{FAE04EC0-301F-11D3-BF4B-00C04F79EFBC}") = "Hello Loops", "Hello Loops.csproj", "{BD531A2E-7416-4FC4-B8EA-DD97ACCB67DB}"
EndProject
Global
	GlobalSection(SolutionConfigurationPlatforms) = preSolution
		Debug|Any CPU = Debug|Any CPU
		Release|Any CPU = Release|Any CPU
	EndGlobalSection
	GlobalSection(ProjectConfigurationPlatforms) = postSolution
		{BD531A2E-7416-4FC4-B8EA-DD97ACCB67DB}.Debug|Any CPU.ActiveCfg = Debug|Any CPU
		{BD531A2E-7416-4FC4-B8EA-DD97ACCB67DB}.Debug|Any CPU.Build.0 = Debug|Any CPU
		{BD531A2E-7416-4FC4-B8EA-DD97ACCB67DB}.Release|Any CPU.ActiveCfg = Release|Any CPU
		{BD531A2E-7416-4FC4-B8EA-DD97ACCB67DB}.Release|Any CPU.Build.0 = Release|Any CPU
	EndGlobalSection
	GlobalSection(SolutionProperties) = preSolution
		HideSolutionNode = FALSE
	EndGlobalSection
	GlobalSection(ExtensibilityGlobals) = postSolution
		SolutionGuid = {948C2FF2-BADE-43EE-96E0-0C789682F18D}
	EndGlobalSection
EndGlobal
